# THIS IS AN AUTOGENERATED FILE. DO NOT EDIT THIS FILE DIRECTLY.
# yarn lockfile v1


"@vant/weapp@^1.0.7":
  version "1.0.7"
  resolved "https://registry.yarnpkg.com/@vant/weapp/-/weapp-1.0.7.tgz#1b908982340a9364f75a346e14a31c066604fc62"
  integrity sha512-F7gkcVKLTh4Pt17ukZnpZmn78CbtfmUtxSZif02ysyXZmqtAf1aAUffL3i1y+qzGWCXF4y/OVkOBVQVrKHI4MA==

vant-weapp@^1.0.7:
  version "1.0.0-beta.4"
  resolved "https://registry.yarnpkg.com/vant-weapp/-/vant-weapp-1.0.0-beta.4.tgz#32914f5c7f5de1a7a70582c060abe4b1f9f804ba"
  integrity sha512-oZZ4MUgrgMMeB40cJkREmPM2Ad/ZmJaqAn4/xP1jjpXIQi/ds0ir4ige0nwIXL+3uUD4ARnq9tHy4Ds0K1iwFg==
